{
  "name": "md-links",
  "version": "0.1.0",
  "lockfileVersion": 1,
  "requires": true,
  "dependencies": {
    "eslint-plugin-jest": {
      "version": "22.4.1",
      "resolved": "https://registry.npmjs.org/eslint-plugin-jest/-/eslint-plugin-jest-22.4.1.tgz",
      "integrity": "sha512-gcLfn6P2PrFAVx3AobaOzlIEevpAEf9chTpFZz7bYfc7pz8XRv7vuKTIE4hxPKZSha6XWKKplDQ0x9Pq8xX2mg=="
    },
    "node-fetch": {
      "version": "2.3.0",
      "resolved": "https://registry.npmjs.org/node-fetch/-/node-fetch-2.3.0.tgz",
      "integrity": "sha512-MOd8pV3fxENbryESLgVIeaGKrdl+uaYhCSSVkjeOb/31/njTpcis5aWfdqgNlHIrKOLRbMnfPINPOML2CIFeXA=="
    }
  }
}
